
Microsoft Visual Studio Solution File, Format Version 12.00
# Visual Studio Version 16
VisualStudioVersion = 16.0.28407.52
MinimumVisualStudioVersion = 10.0.40219.1
Project("{FAE04EC0-301F-11D3-BF4B-00C04F79EFBC}") = "TweakIt", "TweakIt\TweakIt.csproj", "{5036382A-435D-4277-91F9-B4C14B6C9944}"
EndProject
Project("{FAE04EC0-301F-11D3-BF4B-00C04F79EFBC}") = "RemoveStackLimit", "RemoveStackLimit\RemoveStackLimit.csproj", "{7290C2A1-FFE8-42EE-A295-11608F988AFD}"
EndProject
Project("{FAE04EC0-301F-11D3-BF4B-00C04F79EFBC}") = "Hotkeys", "Hotkeys\Hotkeys.csproj", "{0B8AF26C-5A00-4FA2-8E0D-991204233976}"
EndProject
Project("{FAE04EC0-301F-11D3-BF4B-00C04F79EFBC}") = "Socialize", "Socialize\Socialize.csproj", "{52B13114-484E-439C-90B1-A43734491A84}"
EndProject
Project("{FAE04EC0-301F-11D3-BF4B-00C04F79EFBC}") = "ModHelper", "ModHelper\ModHelper.csproj", "{57DB4B2F-6C87-45C4-A3D5-5E8F6F07E509}"
EndProject
Global
	GlobalSection(SolutionConfigurationPlatforms) = preSolution
		Debug|Any CPU = Debug|Any CPU
		Release|Any CPU = Release|Any CPU
	EndGlobalSection
	GlobalSection(ProjectConfigurationPlatforms) = postSolution
		{5036382A-435D-4277-91F9-B4C14B6C9944}.Debug|Any CPU.ActiveCfg = Debug|Any CPU
		{5036382A-435D-4277-91F9-B4C14B6C9944}.Debug|Any CPU.Build.0 = Debug|Any CPU
		{5036382A-435D-4277-91F9-B4C14B6C9944}.Release|Any CPU.ActiveCfg = Release|Any CPU
		{5036382A-435D-4277-91F9-B4C14B6C9944}.Release|Any CPU.Build.0 = Release|Any CPU
		{7290C2A1-FFE8-42EE-A295-11608F988AFD}.Debug|Any CPU.ActiveCfg = Debug|Any CPU
		{7290C2A1-FFE8-42EE-A295-11608F988AFD}.Debug|Any CPU.Build.0 = Debug|Any CPU
		{7290C2A1-FFE8-42EE-A295-11608F988AFD}.Release|Any CPU.ActiveCfg = Release|Any CPU
		{7290C2A1-FFE8-42EE-A295-11608F988AFD}.Release|Any CPU.Build.0 = Release|Any CPU
		{0B8AF26C-5A00-4FA2-8E0D-991204233976}.Debug|Any CPU.ActiveCfg = Debug|Any CPU
		{0B8AF26C-5A00-4FA2-8E0D-991204233976}.Debug|Any CPU.Build.0 = Debug|Any CPU
		{0B8AF26C-5A00-4FA2-8E0D-991204233976}.Release|Any CPU.ActiveCfg = Release|Any CPU
		{0B8AF26C-5A00-4FA2-8E0D-991204233976}.Release|Any CPU.Build.0 = Release|Any CPU
		{52B13114-484E-439C-90B1-A43734491A84}.Debug|Any CPU.ActiveCfg = Debug|Any CPU
		{52B13114-484E-439C-90B1-A43734491A84}.Debug|Any CPU.Build.0 = Debug|Any CPU
		{52B13114-484E-439C-90B1-A43734491A84}.Release|Any CPU.ActiveCfg = Release|Any CPU
		{52B13114-484E-439C-90B1-A43734491A84}.Release|Any CPU.Build.0 = Release|Any CPU
		{57DB4B2F-6C87-45C4-A3D5-5E8F6F07E509}.Debug|Any CPU.ActiveCfg = Debug|Any CPU
		{57DB4B2F-6C87-45C4-A3D5-5E8F6F07E509}.Debug|Any CPU.Build.0 = Debug|Any CPU
		{57DB4B2F-6C87-45C4-A3D5-5E8F6F07E509}.Release|Any CPU.ActiveCfg = Release|Any CPU
		{57DB4B2F-6C87-45C4-A3D5-5E8F6F07E509}.Release|Any CPU.Build.0 = Release|Any CPU
	EndGlobalSection
	GlobalSection(SolutionProperties) = preSolution
		HideSolutionNode = FALSE
	EndGlobalSection
	GlobalSection(ExtensibilityGlobals) = postSolution
		SolutionGuid = {37240325-0C0E-4C4E-B23C-1A2D36372AB4}
	EndGlobalSection
EndGlobal
