
Microsoft Visual Studio Solution File, Format Version 12.00
# Visual Studio Version 16
VisualStudioVersion = 16.0.28407.52
MinimumVisualStudioVersion = 10.0.40219.1
Project("{FAE04EC0-301F-11D3-BF4B-00C04F79EFBC}") = "TweakIt", "TweakIt\TweakIt.csproj", "{5036382A-435D-4277-91F9-B4C14B6C9944}"
EndProject
Project("{FAE04EC0-301F-11D3-BF4B-00C04F79EFBC}") = "RemoveStackLimit", "RemoveStackLimit\RemoveStackLimit.csproj", "{7290C2A1-FFE8-42EE-A295-11608F988AFD}"
EndProject
Project("{FAE04EC0-301F-11D3-BF4B-00C04F79EFBC}") = "DebugMod", "DebugMod\DebugMod.csproj", "{4756EFAF-02B9-4BF7-88DB-2EEA082ADBFE}"
EndProject
Global
	GlobalSection(SolutionConfigurationPlatforms) = preSolution
		Debug|Any CPU = Debug|Any CPU
		Release|Any CPU = Release|Any CPU
	EndGlobalSection
	GlobalSection(ProjectConfigurationPlatforms) = postSolution
		{5036382A-435D-4277-91F9-B4C14B6C9944}.Debug|Any CPU.ActiveCfg = Debug|Any CPU
		{5036382A-435D-4277-91F9-B4C14B6C9944}.Debug|Any CPU.Build.0 = Debug|Any CPU
		{5036382A-435D-4277-91F9-B4C14B6C9944}.Release|Any CPU.ActiveCfg = Release|Any CPU
		{5036382A-435D-4277-91F9-B4C14B6C9944}.Release|Any CPU.Build.0 = Release|Any CPU
		{7290C2A1-FFE8-42EE-A295-11608F988AFD}.Debug|Any CPU.ActiveCfg = Debug|Any CPU
		{7290C2A1-FFE8-42EE-A295-11608F988AFD}.Debug|Any CPU.Build.0 = Debug|Any CPU
		{7290C2A1-FFE8-42EE-A295-11608F988AFD}.Release|Any CPU.ActiveCfg = Release|Any CPU
		{7290C2A1-FFE8-42EE-A295-11608F988AFD}.Release|Any CPU.Build.0 = Release|Any CPU
		{4756EFAF-02B9-4BF7-88DB-2EEA082ADBFE}.Debug|Any CPU.ActiveCfg = Debug|Any CPU
		{4756EFAF-02B9-4BF7-88DB-2EEA082ADBFE}.Debug|Any CPU.Build.0 = Debug|Any CPU
		{4756EFAF-02B9-4BF7-88DB-2EEA082ADBFE}.Release|Any CPU.ActiveCfg = Release|Any CPU
		{4756EFAF-02B9-4BF7-88DB-2EEA082ADBFE}.Release|Any CPU.Build.0 = Release|Any CPU
	EndGlobalSection
	GlobalSection(SolutionProperties) = preSolution
		HideSolutionNode = FALSE
	EndGlobalSection
	GlobalSection(ExtensibilityGlobals) = postSolution
		SolutionGuid = {37240325-0C0E-4C4E-B23C-1A2D36372AB4}
	EndGlobalSection
EndGlobal
